// !$*UTF8*$!
{
	archiveVersion = 1;
	classes = {
	};
	objectVersion = 77;
	objects = {

/* Begin PBXBuildFile section */
		0341E2B59EBA8BC30D92C206 /* HotkeyManager.swift in Sources */ = {isa = PBXBuildFile; fileRef = DE08135A73BB5FB0FBD9B8BD /* HotkeyManager.swift */; };
		09C89BAD8C5E25E5DDEDF575 /* AppDelegate.swift in Sources */ = {isa = PBXBuildFile; fileRef = C0DBB76FCFF017B4AE03585D /* AppDelegate.swift */; };
		1FDC627224F68A379F4BCE49 /* SelectedTextReader.swift in Sources */ = {isa = PBXBuildFile; fileRef = F2DE42A656661C5719C20F74 /* SelectedTextReader.swift */; };
		203B0BF756B5E665270596E1 /* OpenAITranslationProvider.swift in Sources */ = {isa = PBXBuildFile; fileRef = 4C77F685E48C2858ED8F88C8 /* OpenAITranslationProvider.swift */; };
		4269706F5B5A588EAB57516C /* KeychainHelper.swift in Sources */ = {isa = PBXBuildFile; fileRef = 4072669AA8FFBD14BC04D55F /* KeychainHelper.swift */; };
		4505D92EB40EBBF5F26C929D /* HistoryView.swift in Sources */ = {isa = PBXBuildFile; fileRef = 89037981F08DCDD31CBF4693 /* HistoryView.swift */; };
		565A07966F7A3ADA20B12626 /* TranslationModels.swift in Sources */ = {isa = PBXBuildFile; fileRef = 5B0B61BB39F7B81D8125813A /* TranslationModels.swift */; };
		59CA86294CC279E70F945752 /* LanguageDetector.swift in Sources */ = {isa = PBXBuildFile; fileRef = 97DA6300D18F1BFB56F812AC /* LanguageDetector.swift */; };
		61CE1F26E7483065E2525499 /* Carbon.framework in Frameworks */ = {isa = PBXBuildFile; fileRef = 695A619BC0DF8716CA2CA76A /* Carbon.framework */; };
		707E8BCBB9DFFBD33BD64486 /* TranslationPopoverView.swift in Sources */ = {isa = PBXBuildFile; fileRef = F34E49E3BED91BC5DA80EBBF /* TranslationPopoverView.swift */; };
		7A38A6F68245482F8D1D02E6 /* MultilineTextField.swift in Sources */ = {isa = PBXBuildFile; fileRef = 77AB337EE4A3E5AEFB184785 /* MultilineTextField.swift */; };
		8ABAEDED638E21112B18B89B /* TranslationProvider.swift in Sources */ = {isa = PBXBuildFile; fileRef = AC96BA25B86F82EB77EF7204 /* TranslationProvider.swift */; };
		A1446A3F79FDB5DB6BDE9EDA /* FastTranslateApp.swift in Sources */ = {isa = PBXBuildFile; fileRef = 24D55CE698491D500D02B0E0 /* FastTranslateApp.swift */; };
		AA1B2C3D4E5F6A7B8C9D0E1F /* StreamingTranslationState.swift in Sources */ = {isa = PBXBuildFile; fileRef = BB2C3D4E5F6A7B8C9D0E1F2A /* StreamingTranslationState.swift */; };
		B485BCE33A57AA49904103F6 /* FloatingPanelController.swift in Sources */ = {isa = PBXBuildFile; fileRef = 3B1E25598B115393F26D6778 /* FloatingPanelController.swift */; };
		B742D405861DCC4948D7EB45 /* ScreenCaptureKit.framework in Frameworks */ = {isa = PBXBuildFile; fileRef = 11E18FEF8B6ADF94F74A92F6 /* ScreenCaptureKit.framework */; };
		B9CD93460571D1DA2007C1E7 /* Constants.swift in Sources */ = {isa = PBXBuildFile; fileRef = 1AC78F8B6C6E5259E4608B58 /* Constants.swift */; };
		BD3035161645BCCEB2D5BC06 /* SettingsView.swift in Sources */ = {isa = PBXBuildFile; fileRef = E3F0A1758224F2109004BB59 /* SettingsView.swift */; };
		DC2A3F16EDB89FEFFE429BB0 /* OCRService.swift in Sources */ = {isa = PBXBuildFile; fileRef = D0396A28C564EE1EF73F2C70 /* OCRService.swift */; };
		DF88809DDC5B03D0E584D614 /* TranslationService.swift in Sources */ = {isa = PBXBuildFile; fileRef = 0B82F1A185658243C2287B09 /* TranslationService.swift */; };
		DFB0A895D91EF4C39AF0ED64 /* OnboardingView.swift in Sources */ = {isa = PBXBuildFile; fileRef = C34028B515E4865C8A3860AB /* OnboardingView.swift */; };
		EC7B12164D21FA56210446A0 /* ScreenCaptureService.swift in Sources */ = {isa = PBXBuildFile; fileRef = D8CF4D8E92B29C1407B01B64 /* ScreenCaptureService.swift */; };
		CC3D4E5F6A7B8C9D0E1F2A3B /* HotkeyBinding.swift in Sources */ = {isa = PBXBuildFile; fileRef = A1B2C3D4E5F6A7B8C9D0E1F3 /* HotkeyBinding.swift */; };
		DD4E5F6A7B8C9D0E1F2A3B4C /* HotkeyStore.swift in Sources */ = {isa = PBXBuildFile; fileRef = B2C3D4E5F6A7B8C9D0E1F3A4 /* HotkeyStore.swift */; };
		EE5F6A7B8C9D0E1F2A3B4C5D /* HotkeyRecorderView.swift in Sources */ = {isa = PBXBuildFile; fileRef = C3D4E5F6A7B8C9D0E1F3A4B5 /* HotkeyRecorderView.swift */; };
		FDF1D29066C016D2C34F64A6 /* Assets.xcassets in Resources */ = {isa = PBXBuildFile; fileRef = 2410F309D1E5B5BBAEF3EC72 /* Assets.xcassets */; };
/* End PBXBuildFile section */

/* Begin PBXFileReference section */
		00E6DC9D78142C0B9D887CFE /* Info.plist */ = {isa = PBXFileReference; lastKnownFileType = text.plist; path = Info.plist; sourceTree = "<group>"; };
		0B82F1A185658243C2287B09 /* TranslationService.swift */ = {isa = PBXFileReference; lastKnownFileType = sourcecode.swift; path = TranslationService.swift; sourceTree = "<group>"; };
		11E18FEF8B6ADF94F74A92F6 /* ScreenCaptureKit.framework */ = {isa = PBXFileReference; lastKnownFileType = wrapper.framework; name = ScreenCaptureKit.framework; path = System/Library/Frameworks/ScreenCaptureKit.framework; sourceTree = SDKROOT; };
		1AC78F8B6C6E5259E4608B58 /* Constants.swift */ = {isa = PBXFileReference; lastKnownFileType = sourcecode.swift; path = Constants.swift; sourceTree = "<group>"; };
		2410F309D1E5B5BBAEF3EC72 /* Assets.xcassets */ = {isa = PBXFileReference; lastKnownFileType = folder.assetcatalog; path = Assets.xcassets; sourceTree = "<group>"; };
		24D55CE698491D500D02B0E0 /* FastTranslateApp.swift */ = {isa = PBXFileReference; lastKnownFileType = sourcecode.swift; path = FastTranslateApp.swift; sourceTree = "<group>"; };
		3B1E25598B115393F26D6778 /* FloatingPanelController.swift */ = {isa = PBXFileReference; lastKnownFileType = sourcecode.swift; path = FloatingPanelController.swift; sourceTree = "<group>"; };
		4072669AA8FFBD14BC04D55F /* KeychainHelper.swift */ = {isa = PBXFileReference; lastKnownFileType = sourcecode.swift; path = KeychainHelper.swift; sourceTree = "<group>"; };
		4C77F685E48C2858ED8F88C8 /* OpenAITranslationProvider.swift */ = {isa = PBXFileReference; lastKnownFileType = sourcecode.swift; path = OpenAITranslationProvider.swift; sourceTree = "<group>"; };
		5B0B61BB39F7B81D8125813A /* TranslationModels.swift */ = {isa = PBXFileReference; lastKnownFileType = sourcecode.swift; path = TranslationModels.swift; sourceTree = "<group>"; };
		695A619BC0DF8716CA2CA76A /* Carbon.framework */ = {isa = PBXFileReference; lastKnownFileType = wrapper.framework; name = Carbon.framework; path = System/Library/Frameworks/Carbon.framework; sourceTree = SDKROOT; };
		74DDCFADDC84A16CB1355D44 /* FastTranslate.entitlements */ = {isa = PBXFileReference; lastKnownFileType = text.plist.entitlements; path = FastTranslate.entitlements; sourceTree = "<group>"; };
		77AB337EE4A3E5AEFB184785 /* MultilineTextField.swift */ = {isa = PBXFileReference; lastKnownFileType = sourcecode.swift; path = MultilineTextField.swift; sourceTree = "<group>"; };
		89037981F08DCDD31CBF4693 /* HistoryView.swift */ = {isa = PBXFileReference; lastKnownFileType = sourcecode.swift; path = HistoryView.swift; sourceTree = "<group>"; };
		97DA6300D18F1BFB56F812AC /* LanguageDetector.swift */ = {isa = PBXFileReference; lastKnownFileType = sourcecode.swift; path = LanguageDetector.swift; sourceTree = "<group>"; };
		AC96BA25B86F82EB77EF7204 /* TranslationProvider.swift */ = {isa = PBXFileReference; lastKnownFileType = sourcecode.swift; path = TranslationProvider.swift; sourceTree = "<group>"; };
		BB2C3D4E5F6A7B8C9D0E1F2A /* StreamingTranslationState.swift */ = {isa = PBXFileReference; lastKnownFileType = sourcecode.swift; path = StreamingTranslationState.swift; sourceTree = "<group>"; };
		C0DBB76FCFF017B4AE03585D /* AppDelegate.swift */ = {isa = PBXFileReference; lastKnownFileType = sourcecode.swift; path = AppDelegate.swift; sourceTree = "<group>"; };
		C34028B515E4865C8A3860AB /* OnboardingView.swift */ = {isa = PBXFileReference; lastKnownFileType = sourcecode.swift; path = OnboardingView.swift; sourceTree = "<group>"; };
		D0396A28C564EE1EF73F2C70 /* OCRService.swift */ = {isa = PBXFileReference; lastKnownFileType = sourcecode.swift; path = OCRService.swift; sourceTree = "<group>"; };
		D8CF4D8E92B29C1407B01B64 /* ScreenCaptureService.swift */ = {isa = PBXFileReference; lastKnownFileType = sourcecode.swift; path = ScreenCaptureService.swift; sourceTree = "<group>"; };
		DE08135A73BB5FB0FBD9B8BD /* HotkeyManager.swift */ = {isa = PBXFileReference; lastKnownFileType = sourcecode.swift; path = HotkeyManager.swift; sourceTree = "<group>"; };
		E0CD2AFC50E2FAE900C16D2B /* FastTranslate.app */ = {isa = PBXFileReference; explicitFileType = wrapper.application; includeInIndex = 0; path = FastTranslate.app; sourceTree = BUILT_PRODUCTS_DIR; };
		E3F0A1758224F2109004BB59 /* SettingsView.swift */ = {isa = PBXFileReference; lastKnownFileType = sourcecode.swift; path = SettingsView.swift; sourceTree = "<group>"; };
		F2DE42A656661C5719C20F74 /* SelectedTextReader.swift */ = {isa = PBXFileReference; lastKnownFileType = sourcecode.swift; path = SelectedTextReader.swift; sourceTree = "<group>"; };
		A1B2C3D4E5F6A7B8C9D0E1F3 /* HotkeyBinding.swift */ = {isa = PBXFileReference; lastKnownFileType = sourcecode.swift; path = HotkeyBinding.swift; sourceTree = "<group>"; };
		B2C3D4E5F6A7B8C9D0E1F3A4 /* HotkeyStore.swift */ = {isa = PBXFileReference; lastKnownFileType = sourcecode.swift; path = HotkeyStore.swift; sourceTree = "<group>"; };
		C3D4E5F6A7B8C9D0E1F3A4B5 /* HotkeyRecorderView.swift */ = {isa = PBXFileReference; lastKnownFileType = sourcecode.swift; path = HotkeyRecorderView.swift; sourceTree = "<group>"; };
		F34E49E3BED91BC5DA80EBBF /* TranslationPopoverView.swift */ = {isa = PBXFileReference; lastKnownFileType = sourcecode.swift; path = TranslationPopoverView.swift; sourceTree = "<group>"; };
/* End PBXFileReference section */

/* Begin PBXFrameworksBuildPhase section */
		CA22D3B54A36C49877D0DC8A /* Frameworks */ = {
			isa = PBXFrameworksBuildPhase;
			buildActionMask = 2147483647;
			files = (
				61CE1F26E7483065E2525499 /* Carbon.framework in Frameworks */,
				B742D405861DCC4948D7EB45 /* ScreenCaptureKit.framework in Frameworks */,
			);
			runOnlyForDeploymentPostprocessing = 0;
		};
/* End PBXFrameworksBuildPhase section */

/* Begin PBXGroup section */
		08F2116B9FD90D97B1B3583F /* Models */ = {
			isa = PBXGroup;
			children = (
				A1B2C3D4E5F6A7B8C9D0E1F3 /* HotkeyBinding.swift */,
				BB2C3D4E5F6A7B8C9D0E1F2A /* StreamingTranslationState.swift */,
				5B0B61BB39F7B81D8125813A /* TranslationModels.swift */,
			);
			path = Models;
			sourceTree = "<group>";
		};
		128A3D1291496E3B886C17D1 /* Views */ = {
			isa = PBXGroup;
			children = (
				3B1E25598B115393F26D6778 /* FloatingPanelController.swift */,
				89037981F08DCDD31CBF4693 /* HistoryView.swift */,
				C3D4E5F6A7B8C9D0E1F3A4B5 /* HotkeyRecorderView.swift */,
				77AB337EE4A3E5AEFB184785 /* MultilineTextField.swift */,
				C34028B515E4865C8A3860AB /* OnboardingView.swift */,
				E3F0A1758224F2109004BB59 /* SettingsView.swift */,
				F34E49E3BED91BC5DA80EBBF /* TranslationPopoverView.swift */,
			);
			path = Views;
			sourceTree = "<group>";
		};
		1C596DB2DE510477316AAC26 /* Utils */ = {
			isa = PBXGroup;
			children = (
				1AC78F8B6C6E5259E4608B58 /* Constants.swift */,
				4072669AA8FFBD14BC04D55F /* KeychainHelper.swift */,
			);
			path = Utils;
			sourceTree = "<group>";
		};
		26AB9A79395C32C3C4E2ED7F /* FastTranslate */ = {
			isa = PBXGroup;
			children = (
				80F0BCAEFCC43611D5FDBC21 /* App */,
				08F2116B9FD90D97B1B3583F /* Models */,
				92421853AA694D4EEEA907C1 /* Resources */,
				D0A3B91651D680CD7092D4E2 /* Services */,
				1C596DB2DE510477316AAC26 /* Utils */,
				128A3D1291496E3B886C17D1 /* Views */,
			);
			path = FastTranslate;
			sourceTree = "<group>";
		};
		80F0BCAEFCC43611D5FDBC21 /* App */ = {
			isa = PBXGroup;
			children = (
				C0DBB76FCFF017B4AE03585D /* AppDelegate.swift */,
				24D55CE698491D500D02B0E0 /* FastTranslateApp.swift */,
			);
			path = App;
			sourceTree = "<group>";
		};
		92421853AA694D4EEEA907C1 /* Resources */ = {
			isa = PBXGroup;
			children = (
				2410F309D1E5B5BBAEF3EC72 /* Assets.xcassets */,
				74DDCFADDC84A16CB1355D44 /* FastTranslate.entitlements */,
				00E6DC9D78142C0B9D887CFE /* Info.plist */,
			);
			path = Resources;
			sourceTree = "<group>";
		};
		AB0231E5FA0CE54795ECEB6B /* Frameworks */ = {
			isa = PBXGroup;
			children = (
				695A619BC0DF8716CA2CA76A /* Carbon.framework */,
				11E18FEF8B6ADF94F74A92F6 /* ScreenCaptureKit.framework */,
			);
			name = Frameworks;
			sourceTree = "<group>";
		};
		D0A3B91651D680CD7092D4E2 /* Services */ = {
			isa = PBXGroup;
			children = (
				DE08135A73BB5FB0FBD9B8BD /* HotkeyManager.swift */,
				B2C3D4E5F6A7B8C9D0E1F3A4 /* HotkeyStore.swift */,
				97DA6300D18F1BFB56F812AC /* LanguageDetector.swift */,
				D0396A28C564EE1EF73F2C70 /* OCRService.swift */,
				4C77F685E48C2858ED8F88C8 /* OpenAITranslationProvider.swift */,
				D8CF4D8E92B29C1407B01B64 /* ScreenCaptureService.swift */,
				F2DE42A656661C5719C20F74 /* SelectedTextReader.swift */,
				AC96BA25B86F82EB77EF7204 /* TranslationProvider.swift */,
				0B82F1A185658243C2287B09 /* TranslationService.swift */,
			);
			path = Services;
			sourceTree = "<group>";
		};
		E1BE24A374E24812103F8FAE /* Products */ = {
			isa = PBXGroup;
			children = (
				E0CD2AFC50E2FAE900C16D2B /* FastTranslate.app */,
			);
			name = Products;
			sourceTree = "<group>";
		};
		EF3844F18B3BED97316351EE = {
			isa = PBXGroup;
			children = (
				26AB9A79395C32C3C4E2ED7F /* FastTranslate */,
				AB0231E5FA0CE54795ECEB6B /* Frameworks */,
				E1BE24A374E24812103F8FAE /* Products */,
			);
			sourceTree = "<group>";
		};
/* End PBXGroup section */

/* Begin PBXNativeTarget section */
		F9CC2048A1B2F2F6192FFF94 /* FastTranslate */ = {
			isa = PBXNativeTarget;
			buildConfigurationList = 265350033C4C0E1564E69208 /* Build configuration list for PBXNativeTarget "FastTranslate" */;
			buildPhases = (
				64ACDF42F909B9E581BD7CFE /* Sources */,
				774454582E30EACA34E2ACCD /* Resources */,
				CA22D3B54A36C49877D0DC8A /* Frameworks */,
			);
			buildRules = (
			);
			dependencies = (
			);
			name = FastTranslate;
			packageProductDependencies = (
			);
			productName = FastTranslate;
			productReference = E0CD2AFC50E2FAE900C16D2B /* FastTranslate.app */;
			productType = "com.apple.product-type.application";
		};
/* End PBXNativeTarget section */

/* Begin PBXProject section */
		B0C170E94A762FF16CB6B4D2 /* Project object */ = {
			isa = PBXProject;
			attributes = {
				BuildIndependentTargetsInParallel = YES;
				LastUpgradeCheck = 1600;
			};
			buildConfigurationList = 30D719892646085CE0EDE947 /* Build configuration list for PBXProject "FastTranslate" */;
			developmentRegion = en;
			hasScannedForEncodings = 0;
			knownRegions = (
				Base,
				en,
			);
			mainGroup = EF3844F18B3BED97316351EE;
			minimizedProjectReferenceProxies = 1;
			preferredProjectObjectVersion = 77;
			productRefGroup = E1BE24A374E24812103F8FAE /* Products */;
			projectDirPath = "";
			projectRoot = "";
			targets = (
				F9CC2048A1B2F2F6192FFF94 /* FastTranslate */,
			);
		};
/* End PBXProject section */

/* Begin PBXResourcesBuildPhase section */
		774454582E30EACA34E2ACCD /* Resources */ = {
			isa = PBXResourcesBuildPhase;
			buildActionMask = 2147483647;
			files = (
				FDF1D29066C016D2C34F64A6 /* Assets.xcassets in Resources */,
			);
			runOnlyForDeploymentPostprocessing = 0;
		};
/* End PBXResourcesBuildPhase section */

/* Begin PBXSourcesBuildPhase section */
		64ACDF42F909B9E581BD7CFE /* Sources */ = {
			isa = PBXSourcesBuildPhase;
			buildActionMask = 2147483647;
			files = (
				09C89BAD8C5E25E5DDEDF575 /* AppDelegate.swift in Sources */,
				B9CD93460571D1DA2007C1E7 /* Constants.swift in Sources */,
				A1446A3F79FDB5DB6BDE9EDA /* FastTranslateApp.swift in Sources */,
				B485BCE33A57AA49904103F6 /* FloatingPanelController.swift in Sources */,
				4505D92EB40EBBF5F26C929D /* HistoryView.swift in Sources */,
				CC3D4E5F6A7B8C9D0E1F2A3B /* HotkeyBinding.swift in Sources */,
				0341E2B59EBA8BC30D92C206 /* HotkeyManager.swift in Sources */,
				EE5F6A7B8C9D0E1F2A3B4C5D /* HotkeyRecorderView.swift in Sources */,
				DD4E5F6A7B8C9D0E1F2A3B4C /* HotkeyStore.swift in Sources */,
				4269706F5B5A588EAB57516C /* KeychainHelper.swift in Sources */,
				59CA86294CC279E70F945752 /* LanguageDetector.swift in Sources */,
				7A38A6F68245482F8D1D02E6 /* MultilineTextField.swift in Sources */,
				DC2A3F16EDB89FEFFE429BB0 /* OCRService.swift in Sources */,
				DFB0A895D91EF4C39AF0ED64 /* OnboardingView.swift in Sources */,
				203B0BF756B5E665270596E1 /* OpenAITranslationProvider.swift in Sources */,
				EC7B12164D21FA56210446A0 /* ScreenCaptureService.swift in Sources */,
				1FDC627224F68A379F4BCE49 /* SelectedTextReader.swift in Sources */,
				AA1B2C3D4E5F6A7B8C9D0E1F /* StreamingTranslationState.swift in Sources */,
				BD3035161645BCCEB2D5BC06 /* SettingsView.swift in Sources */,
				565A07966F7A3ADA20B12626 /* TranslationModels.swift in Sources */,
				707E8BCBB9DFFBD33BD64486 /* TranslationPopoverView.swift in Sources */,
				8ABAEDED638E21112B18B89B /* TranslationProvider.swift in Sources */,
				DF88809DDC5B03D0E584D614 /* TranslationService.swift in Sources */,
			);
			runOnlyForDeploymentPostprocessing = 0;
		};
/* End PBXSourcesBuildPhase section */

/* Begin XCBuildConfiguration section */
		05F21FBB6CD51A2CEF7C7E3F /* Debug */ = {
			isa = XCBuildConfiguration;
			buildSettings = {
				ALWAYS_SEARCH_USER_PATHS = NO;
				CLANG_ANALYZER_NONNULL = YES;
				CLANG_ANALYZER_NUMBER_OBJECT_CONVERSION = YES_AGGRESSIVE;
				CLANG_CXX_LANGUAGE_STANDARD = "gnu++14";
				CLANG_CXX_LIBRARY = "libc++";
				CLANG_ENABLE_MODULES = YES;
				CLANG_ENABLE_OBJC_ARC = YES;
				CLANG_ENABLE_OBJC_WEAK = YES;
				CLANG_WARN_BLOCK_CAPTURE_AUTORELEASING = YES;
				CLANG_WARN_BOOL_CONVERSION = YES;
				CLANG_WARN_COMMA = YES;
				CLANG_WARN_CONSTANT_CONVERSION = YES;
				CLANG_WARN_DEPRECATED_OBJC_IMPLEMENTATIONS = YES;
				CLANG_WARN_DIRECT_OBJC_ISA_USAGE = YES_ERROR;
				CLANG_WARN_DOCUMENTATION_COMMENTS = YES;
				CLANG_WARN_EMPTY_BODY = YES;
				CLANG_WARN_ENUM_CONVERSION = YES;
				CLANG_WARN_INFINITE_RECURSION = YES;
				CLANG_WARN_INT_CONVERSION = YES;
				CLANG_WARN_NON_LITERAL_NULL_CONVERSION = YES;
				CLANG_WARN_OBJC_IMPLICIT_RETAIN_SELF = YES;
				CLANG_WARN_OBJC_LITERAL_CONVERSION = YES;
				CLANG_WARN_OBJC_ROOT_CLASS = YES_ERROR;
				CLANG_WARN_QUOTED_INCLUDE_IN_FRAMEWORK_HEADER = YES;
				CLANG_WARN_RANGE_LOOP_ANALYSIS = YES;
				CLANG_WARN_STRICT_PROTOTYPES = YES;
				CLANG_WARN_SUSPICIOUS_MOVE = YES;
				CLANG_WARN_UNGUARDED_AVAILABILITY = YES_AGGRESSIVE;
				CLANG_WARN_UNREACHABLE_CODE = YES;
				CLANG_WARN__DUPLICATE_METHOD_MATCH = YES;
				COPY_PHASE_STRIP = NO;
				DEBUG_INFORMATION_FORMAT = dwarf;
				ENABLE_STRICT_OBJC_MSGSEND = YES;
				ENABLE_TESTABILITY = YES;
				GCC_C_LANGUAGE_STANDARD = gnu11;
				GCC_DYNAMIC_NO_PIC = NO;
				GCC_NO_COMMON_BLOCKS = YES;
				GCC_OPTIMIZATION_LEVEL = 0;
				GCC_PREPROCESSOR_DEFINITIONS = (
					"$(inherited)",
					"DEBUG=1",
				);
				GCC_WARN_64_TO_32_BIT_CONVERSION = YES;
				GCC_WARN_ABOUT_RETURN_TYPE = YES_ERROR;
				GCC_WARN_UNDECLARED_SELECTOR = YES;
				GCC_WARN_UNINITIALIZED_AUTOS = YES_AGGRESSIVE;
				GCC_WARN_UNUSED_FUNCTION = YES;
				GCC_WARN_UNUSED_VARIABLE = YES;
				MACOSX_DEPLOYMENT_TARGET = 14.0;
				MTL_ENABLE_DEBUG_INFO = INCLUDE_SOURCE;
				MTL_FAST_MATH = YES;
				ONLY_ACTIVE_ARCH = YES;
				PRODUCT_NAME = "$(TARGET_NAME)";
				SDKROOT = macosx;
				SWIFT_ACTIVE_COMPILATION_CONDITIONS = DEBUG;
				SWIFT_OPTIMIZATION_LEVEL = "-Onone";
				SWIFT_VERSION = 5.9;
			};
			name = Debug;
		};
		1E27E74F2E0AB4E901D435B5 /* Release */ = {
			isa = XCBuildConfiguration;
			buildSettings = {
				ALWAYS_SEARCH_USER_PATHS = NO;
				CLANG_ANALYZER_NONNULL = YES;
				CLANG_ANALYZER_NUMBER_OBJECT_CONVERSION = YES_AGGRESSIVE;
				CLANG_CXX_LANGUAGE_STANDARD = "gnu++14";
				CLANG_CXX_LIBRARY = "libc++";
				CLANG_ENABLE_MODULES = YES;
				CLANG_ENABLE_OBJC_ARC = YES;
				CLANG_ENABLE_OBJC_WEAK = YES;
				CLANG_WARN_BLOCK_CAPTURE_AUTORELEASING = YES;
				CLANG_WARN_BOOL_CONVERSION = YES;
				CLANG_WARN_COMMA = YES;
				CLANG_WARN_CONSTANT_CONVERSION = YES;
				CLANG_WARN_DEPRECATED_OBJC_IMPLEMENTATIONS = YES;
				CLANG_WARN_DIRECT_OBJC_ISA_USAGE = YES_ERROR;
				CLANG_WARN_DOCUMENTATION_COMMENTS = YES;
				CLANG_WARN_EMPTY_BODY = YES;
				CLANG_WARN_ENUM_CONVERSION = YES;
				CLANG_WARN_INFINITE_RECURSION = YES;
				CLANG_WARN_INT_CONVERSION = YES;
				CLANG_WARN_NON_LITERAL_NULL_CONVERSION = YES;
				CLANG_WARN_OBJC_IMPLICIT_RETAIN_SELF = YES;
				CLANG_WARN_OBJC_LITERAL_CONVERSION = YES;
				CLANG_WARN_OBJC_ROOT_CLASS = YES_ERROR;
				CLANG_WARN_QUOTED_INCLUDE_IN_FRAMEWORK_HEADER = YES;
				CLANG_WARN_RANGE_LOOP_ANALYSIS = YES;
				CLANG_WARN_STRICT_PROTOTYPES = YES;
				CLANG_WARN_SUSPICIOUS_MOVE = YES;
				CLANG_WARN_UNGUARDED_AVAILABILITY = YES_AGGRESSIVE;
				CLANG_WARN_UNREACHABLE_CODE = YES;
				CLANG_WARN__DUPLICATE_METHOD_MATCH = YES;
				COPY_PHASE_STRIP = NO;
				DEBUG_INFORMATION_FORMAT = "dwarf-with-dsym";
				ENABLE_NS_ASSERTIONS = NO;
				ENABLE_STRICT_OBJC_MSGSEND = YES;
				GCC_C_LANGUAGE_STANDARD = gnu11;
				GCC_NO_COMMON_BLOCKS = YES;
				GCC_WARN_64_TO_32_BIT_CONVERSION = YES;
				GCC_WARN_ABOUT_RETURN_TYPE = YES_ERROR;
				GCC_WARN_UNDECLARED_SELECTOR = YES;
				GCC_WARN_UNINITIALIZED_AUTOS = YES_AGGRESSIVE;
				GCC_WARN_UNUSED_FUNCTION = YES;
				GCC_WARN_UNUSED_VARIABLE = YES;
				MACOSX_DEPLOYMENT_TARGET = 14.0;
				MTL_ENABLE_DEBUG_INFO = NO;
				MTL_FAST_MATH = YES;
				PRODUCT_NAME = "$(TARGET_NAME)";
				SDKROOT = macosx;
				SWIFT_COMPILATION_MODE = wholemodule;
				SWIFT_OPTIMIZATION_LEVEL = "-O";
				SWIFT_VERSION = 5.9;
			};
			name = Release;
		};
		7B88EE698E2728FAC73D86A6 /* Debug */ = {
			isa = XCBuildConfiguration;
			buildSettings = {
				ASSETCATALOG_COMPILER_APPICON_NAME = AppIcon;
				ASSETCATALOG_COMPILER_INCLUDE_ALL_APPICON_ASSETS = YES;
				CODE_SIGN_ENTITLEMENTS = FastTranslate/Resources/FastTranslate.entitlements;
				CODE_SIGN_IDENTITY = "Apple Development";
				"CODE_SIGN_IDENTITY[sdk=macosx*]" = "Apple Development";
				CODE_SIGN_STYLE = Automatic;
				COMBINE_HIDPI_IMAGES = YES;
				CURRENT_PROJECT_VERSION = 1;
				DEVELOPMENT_TEAM = YWSHDN5Y3H;
				ENABLE_HARDENED_RUNTIME = YES;
				INFOPLIST_FILE = FastTranslate/Resources/Info.plist;
				INFOPLIST_KEY_CFBundleDisplayName = "Dịch Nhanh En-Vi";
				LD_RUNPATH_SEARCH_PATHS = (
					"$(inherited)",
					"@executable_path/../Frameworks",
				);
				MARKETING_VERSION = 1.0.1;
				PRODUCT_BUNDLE_IDENTIFIER = com.fasttranslate.app;
				PRODUCT_NAME = FastTranslate;
				PROVISIONING_PROFILE_SPECIFIER = "";
				SDKROOT = macosx;
			};
			name = Debug;
		};
		BFA7BE497F5D7A2D7F54929E /* Release */ = {
			isa = XCBuildConfiguration;
			buildSettings = {
				ASSETCATALOG_COMPILER_APPICON_NAME = AppIcon;
				ASSETCATALOG_COMPILER_INCLUDE_ALL_APPICON_ASSETS = YES;
				CODE_SIGN_ENTITLEMENTS = FastTranslate/Resources/FastTranslate.entitlements;
				CODE_SIGN_IDENTITY = "Apple Development";
				"CODE_SIGN_IDENTITY[sdk=macosx*]" = "Apple Development";
				CODE_SIGN_STYLE = Automatic;
				COMBINE_HIDPI_IMAGES = YES;
				CURRENT_PROJECT_VERSION = 1;
				DEVELOPMENT_TEAM = YWSHDN5Y3H;
				ENABLE_HARDENED_RUNTIME = YES;
				INFOPLIST_FILE = FastTranslate/Resources/Info.plist;
				INFOPLIST_KEY_CFBundleDisplayName = "Dịch Nhanh En-Vi";
				LD_RUNPATH_SEARCH_PATHS = (
					"$(inherited)",
					"@executable_path/../Frameworks",
				);
				MARKETING_VERSION = 1.0.1;
				PRODUCT_BUNDLE_IDENTIFIER = com.fasttranslate.app;
				PRODUCT_NAME = FastTranslate;
				PROVISIONING_PROFILE_SPECIFIER = "";
				SDKROOT = macosx;
			};
			name = Release;
		};
/* End XCBuildConfiguration section */

/* Begin XCConfigurationList section */
		265350033C4C0E1564E69208 /* Build configuration list for PBXNativeTarget "FastTranslate" */ = {
			isa = XCConfigurationList;
			buildConfigurations = (
				7B88EE698E2728FAC73D86A6 /* Debug */,
				BFA7BE497F5D7A2D7F54929E /* Release */,
			);
			defaultConfigurationIsVisible = 0;
			defaultConfigurationName = Debug;
		};
		30D719892646085CE0EDE947 /* Build configuration list for PBXProject "FastTranslate" */ = {
			isa = XCConfigurationList;
			buildConfigurations = (
				05F21FBB6CD51A2CEF7C7E3F /* Debug */,
				1E27E74F2E0AB4E901D435B5 /* Release */,
			);
			defaultConfigurationIsVisible = 0;
			defaultConfigurationName = Debug;
		};
/* End XCConfigurationList section */
	};
	rootObject = B0C170E94A762FF16CB6B4D2 /* Project object */;
}
